
Microsoft Visual Studio Solution File, Format Version 12.00
# Visual Studio Version 16
VisualStudioVersion = 16.0.29306.81
MinimumVisualStudioVersion = 10.0.40219.1
Project("{FAE04EC0-301F-11D3-BF4B-00C04F79EFBC}") = "CraftopiaMods", "CraftopiaMods\CraftopiaMods.csproj", "{E0574BD4-6F1B-495F-A9B8-E65458354841}"
EndProject
Project("{FAE04EC0-301F-11D3-BF4B-00C04F79EFBC}") = "SandBox", "SandBox\SandBox.csproj", "{FD5D563E-59A7-4AED-B45D-4CF32C5075F4}"
EndProject
Project("{FAE04EC0-301F-11D3-BF4B-00C04F79EFBC}") = "AnyListLoger", "AnyListLoger\AnyListLoger.csproj", "{DE5F8BBD-9404-4252-A68F-606DDE772245}"
EndProject
Global
	GlobalSection(SolutionConfigurationPlatforms) = preSolution
		Debug|Any CPU = Debug|Any CPU
		Release|Any CPU = Release|Any CPU
	EndGlobalSection
	GlobalSection(ProjectConfigurationPlatforms) = postSolution
		{E0574BD4-6F1B-495F-A9B8-E65458354841}.Debug|Any CPU.ActiveCfg = Debug|Any CPU
		{E0574BD4-6F1B-495F-A9B8-E65458354841}.Debug|Any CPU.Build.0 = Debug|Any CPU
		{E0574BD4-6F1B-495F-A9B8-E65458354841}.Release|Any CPU.ActiveCfg = Release|Any CPU
		{E0574BD4-6F1B-495F-A9B8-E65458354841}.Release|Any CPU.Build.0 = Release|Any CPU
		{FD5D563E-59A7-4AED-B45D-4CF32C5075F4}.Debug|Any CPU.ActiveCfg = Debug|Any CPU
		{FD5D563E-59A7-4AED-B45D-4CF32C5075F4}.Debug|Any CPU.Build.0 = Debug|Any CPU
		{FD5D563E-59A7-4AED-B45D-4CF32C5075F4}.Release|Any CPU.ActiveCfg = Release|Any CPU
		{FD5D563E-59A7-4AED-B45D-4CF32C5075F4}.Release|Any CPU.Build.0 = Release|Any CPU
		{DE5F8BBD-9404-4252-A68F-606DDE772245}.Debug|Any CPU.ActiveCfg = Debug|Any CPU
		{DE5F8BBD-9404-4252-A68F-606DDE772245}.Debug|Any CPU.Build.0 = Debug|Any CPU
		{DE5F8BBD-9404-4252-A68F-606DDE772245}.Release|Any CPU.ActiveCfg = Release|Any CPU
		{DE5F8BBD-9404-4252-A68F-606DDE772245}.Release|Any CPU.Build.0 = Release|Any CPU
	EndGlobalSection
	GlobalSection(SolutionProperties) = preSolution
		HideSolutionNode = FALSE
	EndGlobalSection
	GlobalSection(ExtensibilityGlobals) = postSolution
		SolutionGuid = {DC481A81-6ECF-47DA-B8E8-C7917207BD60}
	EndGlobalSection
EndGlobal
