
Microsoft Visual Studio Solution File, Format Version 12.00
# Visual Studio Version 16
VisualStudioVersion = 16.0.29306.81
MinimumVisualStudioVersion = 10.0.40219.1
Project("{FAE04EC0-301F-11D3-BF4B-00C04F79EFBC}") = "CraftopiaMods", "CraftopiaMods\CraftopiaMods.csproj", "{E0574BD4-6F1B-495F-A9B8-E65458354841}"
EndProject
Project("{FAE04EC0-301F-11D3-BF4B-00C04F79EFBC}") = "SandBox", "SandBox\SandBox.csproj", "{FD5D563E-59A7-4AED-B45D-4CF32C5075F4}"
EndProject
Project("{FAE04EC0-301F-11D3-BF4B-00C04F79EFBC}") = "AnyListLogger", "AnyListLogger\AnyListLogger.csproj", "{ACE00F10-C07B-42F3-BE64-0D495F461815}"
EndProject
Project("{FAE04EC0-301F-11D3-BF4B-00C04F79EFBC}") = "MoreSkillPointEachMissionCategory", "MoreSkillPoinEachMissionCategory\MoreSkillPointEachMissionCategory.csproj", "{F94BD09D-CE8D-400E-927B-906A0A50A4DC}"
EndProject
Project("{FAE04EC0-301F-11D3-BF4B-00C04F79EFBC}") = "AnyHook", "AnyHook\AnyHook.csproj", "{7A9819A3-76F3-4660-B890-D8314CED09B4}"
EndProject
Global
	GlobalSection(SolutionConfigurationPlatforms) = preSolution
		Debug|Any CPU = Debug|Any CPU
		Release|Any CPU = Release|Any CPU
	EndGlobalSection
	GlobalSection(ProjectConfigurationPlatforms) = postSolution
		{E0574BD4-6F1B-495F-A9B8-E65458354841}.Debug|Any CPU.ActiveCfg = Debug|Any CPU
		{E0574BD4-6F1B-495F-A9B8-E65458354841}.Debug|Any CPU.Build.0 = Debug|Any CPU
		{E0574BD4-6F1B-495F-A9B8-E65458354841}.Release|Any CPU.ActiveCfg = Release|Any CPU
		{E0574BD4-6F1B-495F-A9B8-E65458354841}.Release|Any CPU.Build.0 = Release|Any CPU
		{FD5D563E-59A7-4AED-B45D-4CF32C5075F4}.Debug|Any CPU.ActiveCfg = Debug|Any CPU
		{FD5D563E-59A7-4AED-B45D-4CF32C5075F4}.Debug|Any CPU.Build.0 = Debug|Any CPU
		{FD5D563E-59A7-4AED-B45D-4CF32C5075F4}.Release|Any CPU.ActiveCfg = Release|Any CPU
		{FD5D563E-59A7-4AED-B45D-4CF32C5075F4}.Release|Any CPU.Build.0 = Release|Any CPU
		{ACE00F10-C07B-42F3-BE64-0D495F461815}.Debug|Any CPU.ActiveCfg = Debug|Any CPU
		{ACE00F10-C07B-42F3-BE64-0D495F461815}.Debug|Any CPU.Build.0 = Debug|Any CPU
		{ACE00F10-C07B-42F3-BE64-0D495F461815}.Release|Any CPU.ActiveCfg = Release|Any CPU
		{ACE00F10-C07B-42F3-BE64-0D495F461815}.Release|Any CPU.Build.0 = Release|Any CPU
		{F94BD09D-CE8D-400E-927B-906A0A50A4DC}.Debug|Any CPU.ActiveCfg = Debug|Any CPU
		{F94BD09D-CE8D-400E-927B-906A0A50A4DC}.Debug|Any CPU.Build.0 = Debug|Any CPU
		{F94BD09D-CE8D-400E-927B-906A0A50A4DC}.Release|Any CPU.ActiveCfg = Release|Any CPU
		{F94BD09D-CE8D-400E-927B-906A0A50A4DC}.Release|Any CPU.Build.0 = Release|Any CPU
		{7A9819A3-76F3-4660-B890-D8314CED09B4}.Debug|Any CPU.ActiveCfg = Debug|Any CPU
		{7A9819A3-76F3-4660-B890-D8314CED09B4}.Debug|Any CPU.Build.0 = Debug|Any CPU
		{7A9819A3-76F3-4660-B890-D8314CED09B4}.Release|Any CPU.ActiveCfg = Release|Any CPU
		{7A9819A3-76F3-4660-B890-D8314CED09B4}.Release|Any CPU.Build.0 = Release|Any CPU
	EndGlobalSection
	GlobalSection(SolutionProperties) = preSolution
		HideSolutionNode = FALSE
	EndGlobalSection
	GlobalSection(ExtensibilityGlobals) = postSolution
		SolutionGuid = {DC481A81-6ECF-47DA-B8E8-C7917207BD60}
	EndGlobalSection
EndGlobal
