
Microsoft Visual Studio Solution File, Format Version 12.00
# Visual Studio Version 16
VisualStudioVersion = 16.0.29306.81
MinimumVisualStudioVersion = 10.0.40219.1
Project("{FAE04EC0-301F-11D3-BF4B-00C04F79EFBC}") = "CraftopiaMods", "CraftopiaMods\CraftopiaMods.csproj", "{E0574BD4-6F1B-495F-A9B8-E65458354841}"
EndProject
Project("{FAE04EC0-301F-11D3-BF4B-00C04F79EFBC}") = "SandBox", "SandBox\SandBox.csproj", "{FD5D563E-59A7-4AED-B45D-4CF32C5075F4}"
EndProject
Project("{FAE04EC0-301F-11D3-BF4B-00C04F79EFBC}") = "AnyListLogger", "AnyListLogger\AnyListLogger.csproj", "{ACE00F10-C07B-42F3-BE64-0D495F461815}"
EndProject
Project("{FAE04EC0-301F-11D3-BF4B-00C04F79EFBC}") = "MoreSkillPointEachMissionCategory", "MoreSkillPoinEachMissionCategory\MoreSkillPointEachMissionCategory.csproj", "{F94BD09D-CE8D-400E-927B-906A0A50A4DC}"
EndProject
Project("{FAE04EC0-301F-11D3-BF4B-00C04F79EFBC}") = "AnyHook", "AnyHook\AnyHook.csproj", "{7A9819A3-76F3-4660-B890-D8314CED09B4}"
EndProject
Project("{FAE04EC0-301F-11D3-BF4B-00C04F79EFBC}") = "SandBoxServerSide", "SandBoxServerSide\SandBoxServerSide.csproj", "{434C59F8-D0E9-4D88-9527-9F786D3BAD7A}"
EndProject
Project("{FAE04EC0-301F-11D3-BF4B-00C04F79EFBC}") = "PeacefulCowBomb", "PeacefulCowBomb\PeacefulCowBomb.csproj", "{06C2F6B6-320B-4832-A762-498DAA240D12}"
EndProject
Project("{FAE04EC0-301F-11D3-BF4B-00C04F79EFBC}") = "ServerUtility", "ServerUtility\ServerUtility.csproj", "{28E457C3-319B-48E0-9A1E-43003E18802A}"
EndProject
Project("{FAE04EC0-301F-11D3-BF4B-00C04F79EFBC}") = "FixEars", "FixEars\FixEars.csproj", "{A2A129A0-34C9-4862-A028-D2F06DF26AB5}"
EndProject
Project("{FAE04EC0-301F-11D3-BF4B-00C04F79EFBC}") = "Blueprint", "Blueprint\Blueprint.csproj", "{81C2EF28-C7FF-41D2-9889-D45C7A4C563E}"
EndProject
Project("{FAE04EC0-301F-11D3-BF4B-00C04F79EFBC}") = "RTA", "RTA\RTA.csproj", "{2AC62D0A-F25E-465F-A35E-608BED3A726C}"
EndProject
Global
	GlobalSection(SolutionConfigurationPlatforms) = preSolution
		Debug|Any CPU = Debug|Any CPU
		Release|Any CPU = Release|Any CPU
	EndGlobalSection
	GlobalSection(ProjectConfigurationPlatforms) = postSolution
		{E0574BD4-6F1B-495F-A9B8-E65458354841}.Debug|Any CPU.ActiveCfg = Debug|Any CPU
		{E0574BD4-6F1B-495F-A9B8-E65458354841}.Debug|Any CPU.Build.0 = Debug|Any CPU
		{E0574BD4-6F1B-495F-A9B8-E65458354841}.Release|Any CPU.ActiveCfg = Release|Any CPU
		{E0574BD4-6F1B-495F-A9B8-E65458354841}.Release|Any CPU.Build.0 = Release|Any CPU
		{FD5D563E-59A7-4AED-B45D-4CF32C5075F4}.Debug|Any CPU.ActiveCfg = Debug|Any CPU
		{FD5D563E-59A7-4AED-B45D-4CF32C5075F4}.Debug|Any CPU.Build.0 = Debug|Any CPU
		{FD5D563E-59A7-4AED-B45D-4CF32C5075F4}.Release|Any CPU.ActiveCfg = Release|Any CPU
		{FD5D563E-59A7-4AED-B45D-4CF32C5075F4}.Release|Any CPU.Build.0 = Release|Any CPU
		{ACE00F10-C07B-42F3-BE64-0D495F461815}.Debug|Any CPU.ActiveCfg = Debug|Any CPU
		{ACE00F10-C07B-42F3-BE64-0D495F461815}.Debug|Any CPU.Build.0 = Debug|Any CPU
		{ACE00F10-C07B-42F3-BE64-0D495F461815}.Release|Any CPU.ActiveCfg = Release|Any CPU
		{ACE00F10-C07B-42F3-BE64-0D495F461815}.Release|Any CPU.Build.0 = Release|Any CPU
		{F94BD09D-CE8D-400E-927B-906A0A50A4DC}.Debug|Any CPU.ActiveCfg = Debug|Any CPU
		{F94BD09D-CE8D-400E-927B-906A0A50A4DC}.Debug|Any CPU.Build.0 = Debug|Any CPU
		{F94BD09D-CE8D-400E-927B-906A0A50A4DC}.Release|Any CPU.ActiveCfg = Release|Any CPU
		{F94BD09D-CE8D-400E-927B-906A0A50A4DC}.Release|Any CPU.Build.0 = Release|Any CPU
		{7A9819A3-76F3-4660-B890-D8314CED09B4}.Debug|Any CPU.ActiveCfg = Debug|Any CPU
		{7A9819A3-76F3-4660-B890-D8314CED09B4}.Debug|Any CPU.Build.0 = Debug|Any CPU
		{7A9819A3-76F3-4660-B890-D8314CED09B4}.Release|Any CPU.ActiveCfg = Release|Any CPU
		{7A9819A3-76F3-4660-B890-D8314CED09B4}.Release|Any CPU.Build.0 = Release|Any CPU
		{434C59F8-D0E9-4D88-9527-9F786D3BAD7A}.Debug|Any CPU.ActiveCfg = Debug|Any CPU
		{434C59F8-D0E9-4D88-9527-9F786D3BAD7A}.Debug|Any CPU.Build.0 = Debug|Any CPU
		{434C59F8-D0E9-4D88-9527-9F786D3BAD7A}.Release|Any CPU.ActiveCfg = Release|Any CPU
		{434C59F8-D0E9-4D88-9527-9F786D3BAD7A}.Release|Any CPU.Build.0 = Release|Any CPU
		{06C2F6B6-320B-4832-A762-498DAA240D12}.Debug|Any CPU.ActiveCfg = Debug|Any CPU
		{06C2F6B6-320B-4832-A762-498DAA240D12}.Debug|Any CPU.Build.0 = Debug|Any CPU
		{06C2F6B6-320B-4832-A762-498DAA240D12}.Release|Any CPU.ActiveCfg = Release|Any CPU
		{06C2F6B6-320B-4832-A762-498DAA240D12}.Release|Any CPU.Build.0 = Release|Any CPU
		{28E457C3-319B-48E0-9A1E-43003E18802A}.Debug|Any CPU.ActiveCfg = Debug|Any CPU
		{28E457C3-319B-48E0-9A1E-43003E18802A}.Debug|Any CPU.Build.0 = Debug|Any CPU
		{28E457C3-319B-48E0-9A1E-43003E18802A}.Release|Any CPU.ActiveCfg = Release|Any CPU
		{28E457C3-319B-48E0-9A1E-43003E18802A}.Release|Any CPU.Build.0 = Release|Any CPU
		{A2A129A0-34C9-4862-A028-D2F06DF26AB5}.Debug|Any CPU.ActiveCfg = Debug|Any CPU
		{A2A129A0-34C9-4862-A028-D2F06DF26AB5}.Debug|Any CPU.Build.0 = Debug|Any CPU
		{A2A129A0-34C9-4862-A028-D2F06DF26AB5}.Release|Any CPU.ActiveCfg = Release|Any CPU
		{A2A129A0-34C9-4862-A028-D2F06DF26AB5}.Release|Any CPU.Build.0 = Release|Any CPU
		{81C2EF28-C7FF-41D2-9889-D45C7A4C563E}.Debug|Any CPU.ActiveCfg = Debug|Any CPU
		{81C2EF28-C7FF-41D2-9889-D45C7A4C563E}.Debug|Any CPU.Build.0 = Debug|Any CPU
		{81C2EF28-C7FF-41D2-9889-D45C7A4C563E}.Release|Any CPU.ActiveCfg = Release|Any CPU
		{81C2EF28-C7FF-41D2-9889-D45C7A4C563E}.Release|Any CPU.Build.0 = Release|Any CPU
		{2AC62D0A-F25E-465F-A35E-608BED3A726C}.Debug|Any CPU.ActiveCfg = Debug|Any CPU
		{2AC62D0A-F25E-465F-A35E-608BED3A726C}.Debug|Any CPU.Build.0 = Debug|Any CPU
		{2AC62D0A-F25E-465F-A35E-608BED3A726C}.Release|Any CPU.ActiveCfg = Release|Any CPU
		{2AC62D0A-F25E-465F-A35E-608BED3A726C}.Release|Any CPU.Build.0 = Release|Any CPU
	EndGlobalSection
	GlobalSection(SolutionProperties) = preSolution
		HideSolutionNode = FALSE
	EndGlobalSection
	GlobalSection(ExtensibilityGlobals) = postSolution
		SolutionGuid = {DC481A81-6ECF-47DA-B8E8-C7917207BD60}
	EndGlobalSection
EndGlobal
